
Microsoft Visual Studio Solution File, Format Version 12.00
# Visual Studio Version 17
VisualStudioVersion = 17.3.32929.385
MinimumVisualStudioVersion = 10.0.40219.1
Project("{FAE04EC0-301F-11D3-BF4B-00C04F79EFBC}") = "Phone.BL", "Phone.BL\Phone.BL.csproj", "{E4C06E7E-B4FC-4C53-A00B-FEF82515122A}"
EndProject
Project("{2150E333-8FDC-42A3-9474-1A3956D46DE8}") = "Test", "Test", "{4EC2DFAA-E33C-49EA-8020-1366EF434CCC}"
EndProject
Project("{FAE04EC0-301F-11D3-BF4B-00C04F79EFBC}") = "PhoneBookTest", "PhoneBookTest\PhoneBookTest.csproj", "{D74BD568-10E7-4924-831F-6AE5F7D6A03F}"
EndProject
Global
	GlobalSection(SolutionConfigurationPlatforms) = preSolution
		Debug|Any CPU = Debug|Any CPU
		Release|Any CPU = Release|Any CPU
	EndGlobalSection
	GlobalSection(ProjectConfigurationPlatforms) = postSolution
		{E4C06E7E-B4FC-4C53-A00B-FEF82515122A}.Debug|Any CPU.ActiveCfg = Debug|Any CPU
		{E4C06E7E-B4FC-4C53-A00B-FEF82515122A}.Debug|Any CPU.Build.0 = Debug|Any CPU
		{E4C06E7E-B4FC-4C53-A00B-FEF82515122A}.Release|Any CPU.ActiveCfg = Release|Any CPU
		{E4C06E7E-B4FC-4C53-A00B-FEF82515122A}.Release|Any CPU.Build.0 = Release|Any CPU
		{D74BD568-10E7-4924-831F-6AE5F7D6A03F}.Debug|Any CPU.ActiveCfg = Debug|Any CPU
		{D74BD568-10E7-4924-831F-6AE5F7D6A03F}.Debug|Any CPU.Build.0 = Debug|Any CPU
		{D74BD568-10E7-4924-831F-6AE5F7D6A03F}.Release|Any CPU.ActiveCfg = Release|Any CPU
		{D74BD568-10E7-4924-831F-6AE5F7D6A03F}.Release|Any CPU.Build.0 = Release|Any CPU
	EndGlobalSection
	GlobalSection(SolutionProperties) = preSolution
		HideSolutionNode = FALSE
	EndGlobalSection
	GlobalSection(NestedProjects) = preSolution
		{D74BD568-10E7-4924-831F-6AE5F7D6A03F} = {4EC2DFAA-E33C-49EA-8020-1366EF434CCC}
	EndGlobalSection
	GlobalSection(ExtensibilityGlobals) = postSolution
		SolutionGuid = {FE8009BE-D44F-4403-8A2C-D8EFC396386B}
	EndGlobalSection
EndGlobal
